// !$*UTF8*$!
{
	archiveVersion = 1;
	classes = {
	};
	objectVersion = 46;
	objects = {

/* Begin PBXBuildFile section */
		156E66E81C7F6C88007704F1 /* AppDelegate.swift in Sources */ = {isa = PBXBuildFile; fileRef = 156E66E71C7F6C88007704F1 /* AppDelegate.swift */; };
		156E66EA1C7F6C88007704F1 /* ViewController.swift in Sources */ = {isa = PBXBuildFile; fileRef = 156E66E91C7F6C88007704F1 /* ViewController.swift */; };
		156E66ED1C7F6C88007704F1 /* Main.storyboard in Resources */ = {isa = PBXBuildFile; fileRef = 156E66EB1C7F6C88007704F1 /* Main.storyboard */; };
		156E66EF1C7F6C88007704F1 /* Assets.xcassets in Resources */ = {isa = PBXBuildFile; fileRef = 156E66EE1C7F6C88007704F1 /* Assets.xcassets */; };
		156E66F21C7F6C88007704F1 /* LaunchScreen.storyboard in Resources */ = {isa = PBXBuildFile; fileRef = 156E66F01C7F6C88007704F1 /* LaunchScreen.storyboard */; };
/* End PBXBuildFile section */

/* Begin PBXFileReference section */
		156E66E41C7F6C88007704F1 /* Visual Format Language.app */ = {isa = PBXFileReference; explicitFileType = wrapper.application; includeInIndex = 0; path = "Visual Format Language.app"; sourceTree = BUILT_PRODUCTS_DIR; };
		156E66E71C7F6C88007704F1 /* AppDelegate.swift */ = {isa = PBXFileReference; lastKnownFileType = sourcecode.swift; path = AppDelegate.swift; sourceTree = "<group>"; };
		156E66E91C7F6C88007704F1 /* ViewController.swift */ = {isa = PBXFileReference; lastKnownFileType = sourcecode.swift; path = ViewController.swift; sourceTree = "<group>"; };
		156E66EC1C7F6C88007704F1 /* Base */ = {isa = PBXFileReference; lastKnownFileType = file.storyboard; name = Base; path = Base.lproj/Main.storyboard; sourceTree = "<group>"; };
		156E66EE1C7F6C88007704F1 /* Assets.xcassets */ = {isa = PBXFileReference; lastKnownFileType = folder.assetcatalog; path = Assets.xcassets; sourceTree = "<group>"; };
		156E66F11C7F6C88007704F1 /* Base */ = {isa = PBXFileReference; lastKnownFileType = file.storyboard; name = Base; path = Base.lproj/LaunchScreen.storyboard; sourceTree = "<group>"; };
		156E66F31C7F6C88007704F1 /* Info.plist */ = {isa = PBXFileReference; lastKnownFileType = text.plist.xml; path = Info.plist; sourceTree = "<group>"; };
/* End PBXFileReference section */

/* Begin PBXFrameworksBuildPhase section */
		156E66E11C7F6C88007704F1 /* Frameworks */ = {
			isa = PBXFrameworksBuildPhase;
			buildActionMask = 2147483647;
			files = (
			);
			runOnlyForDeploymentPostprocessing = 0;
		};
/* End PBXFrameworksBuildPhase section */

/* Begin PBXGroup section */
		156E66DB1C7F6C88007704F1 = {
			isa = PBXGroup;
			children = (
				156E66E61C7F6C88007704F1 /* Visual Format Language */,
				156E66E51C7F6C88007704F1 /* Products */,
			);
			sourceTree = "<group>";
		};
		156E66E51C7F6C88007704F1 /* Products */ = {
			isa = PBXGroup;
			children = (
				156E66E41C7F6C88007704F1 /* Visual Format Language.app */,
			);
			name = Products;
			sourceTree = "<group>";
		};
		156E66E61C7F6C88007704F1 /* Visual Format Language */ = {
			isa = PBXGroup;
			children = (
				156E66E71C7F6C88007704F1 /* AppDelegate.swift */,
				156E66E91C7F6C88007704F1 /* ViewController.swift */,
				156E66EB1C7F6C88007704F1 /* Main.storyboard */,
				156E66EE1C7F6C88007704F1 /* Assets.xcassets */,
				156E66F01C7F6C88007704F1 /* LaunchScreen.storyboard */,
				156E66F31C7F6C88007704F1 /* Info.plist */,
			);
			path = "Visual Format Language";
			sourceTree = "<group>";
		};
/* End PBXGroup section */

/* Begin PBXNativeTarget section */
		156E66E31C7F6C88007704F1 /* Visual Format Language */ = {
			isa = PBXNativeTarget;
			buildConfigurationList = 156E66F61C7F6C88007704F1 /* Build configuration list for PBXNativeTarget "Visual Format Language" */;
			buildPhases = (
				156E66E01C7F6C88007704F1 /* Sources */,
				156E66E11C7F6C88007704F1 /* Frameworks */,
				156E66E21C7F6C88007704F1 /* Resources */,
			);
			buildRules = (
			);
			dependencies = (
			);
			name = "Visual Format Language";
			productName = "Visual Format Language";
			productReference = 156E66E41C7F6C88007704F1 /* Visual Format Language.app */;
			productType = "com.apple.product-type.application";
		};
/* End PBXNativeTarget section */

/* Begin PBXProject section */
		156E66DC1C7F6C88007704F1 /* Project object */ = {
			isa = PBXProject;
			attributes = {
				LastSwiftUpdateCheck = 0720;
				LastUpgradeCheck = 0720;
				ORGANIZATIONNAME = "Randall Mardus";
				TargetAttributes = {
					156E66E31C7F6C88007704F1 = {
						CreatedOnToolsVersion = 7.2.1;
					};
				};
			};
			buildConfigurationList = 156E66DF1C7F6C88007704F1 /* Build configuration list for PBXProject "Visual Format Language" */;
			compatibilityVersion = "Xcode 3.2";
			developmentRegion = English;
			hasScannedForEncodings = 0;
			knownRegions = (
				en,
				Base,
			);
			mainGroup = 156E66DB1C7F6C88007704F1;
			productRefGroup = 156E66E51C7F6C88007704F1 /* Products */;
			projectDirPath = "";
			projectRoot = "";
			targets = (
				156E66E31C7F6C88007704F1 /* Visual Format Language */,
			);
		};
/* End PBXProject section */

/* Begin PBXResourcesBuildPhase section */
		156E66E21C7F6C88007704F1 /* Resources */ = {
			isa = PBXResourcesBuildPhase;
			buildActionMask = 2147483647;
			files = (
				156E66F21C7F6C88007704F1 /* LaunchScreen.storyboard in Resources */,
				156E66EF1C7F6C88007704F1 /* Assets.xcassets in Resources */,
				156E66ED1C7F6C88007704F1 /* Main.storyboard in Resources */,
			);
			runOnlyForDeploymentPostprocessing = 0;
		};
/* End PBXResourcesBuildPhase section */

/* Begin PBXSourcesBuildPhase section */
		156E66E01C7F6C88007704F1 /* Sources */ = {
			isa = PBXSourcesBuildPhase;
			buildActionMask = 2147483647;
			files = (
				156E66EA1C7F6C88007704F1 /* ViewController.swift in Sources */,
				156E66E81C7F6C88007704F1 /* AppDelegate.swift in Sources */,
			);
			runOnlyForDeploymentPostprocessing = 0;
		};
/* End PBXSourcesBuildPhase section */

/* Begin PBXVariantGroup section */
		156E66EB1C7F6C88007704F1 /* Main.storyboard */ = {
			isa = PBXVariantGroup;
			children = (
				156E66EC1C7F6C88007704F1 /* Base */,
			);
			name = Main.storyboard;
			sourceTree = "<group>";
		};
		156E66F01C7F6C88007704F1 /* LaunchScreen.storyboard */ = {
			isa = PBXVariantGroup;
			children = (
				156E66F11C7F6C88007704F1 /* Base */,
			);
			name = LaunchScreen.storyboard;
			sourceTree = "<group>";
		};
/* End PBXVariantGroup section */

/* Begin XCBuildConfiguration section */
		156E66F41C7F6C88007704F1 /* Debug */ = {
			isa = XCBuildConfiguration;
			buildSettings = {
				ALWAYS_SEARCH_USER_PATHS = NO;
				CLANG_CXX_LANGUAGE_STANDARD = "gnu++0x";
				CLANG_CXX_LIBRARY = "libc++";
				CLANG_ENABLE_MODULES = YES;
				CLANG_ENABLE_OBJC_ARC = YES;
				CLANG_WARN_BOOL_CONVERSION = YES;
				CLANG_WARN_CONSTANT_CONVERSION = YES;
				CLANG_WARN_DIRECT_OBJC_ISA_USAGE = YES_ERROR;
				CLANG_WARN_EMPTY_BODY = YES;
				CLANG_WARN_ENUM_CONVERSION = YES;
				CLANG_WARN_INT_CONVERSION = YES;
				CLANG_WARN_OBJC_ROOT_CLASS = YES_ERROR;
				CLANG_WARN_UNREACHABLE_CODE = YES;
				CLANG_WARN__DUPLICATE_METHOD_MATCH = YES;
				"CODE_SIGN_IDENTITY[sdk=iphoneos*]" = "iPhone Developer";
				COPY_PHASE_STRIP = NO;
				DEBUG_INFORMATION_FORMAT = dwarf;
				ENABLE_STRICT_OBJC_MSGSEND = YES;
				ENABLE_TESTABILITY = YES;
				GCC_C_LANGUAGE_STANDARD = gnu99;
				GCC_DYNAMIC_NO_PIC = NO;
				GCC_NO_COMMON_BLOCKS = YES;
				GCC_OPTIMIZATION_LEVEL = 0;
				GCC_PREPROCESSOR_DEFINITIONS = (
					"DEBUG=1",
					"$(inherited)",
				);
				GCC_WARN_64_TO_32_BIT_CONVERSION = YES;
				GCC_WARN_ABOUT_RETURN_TYPE = YES_ERROR;
				GCC_WARN_UNDECLARED_SELECTOR = YES;
				GCC_WARN_UNINITIALIZED_AUTOS = YES_AGGRESSIVE;
				GCC_WARN_UNUSED_FUNCTION = YES;
				GCC_WARN_UNUSED_VARIABLE = YES;
				IPHONEOS_DEPLOYMENT_TARGET = 9.2;
				MTL_ENABLE_DEBUG_INFO = YES;
				ONLY_ACTIVE_ARCH = YES;
				SDKROOT = iphoneos;
				SWIFT_OPTIMIZATION_LEVEL = "-Onone";
				TARGETED_DEVICE_FAMILY = "1,2";
			};
			name = Debug;
		};
		156E66F51C7F6C88007704F1 /* Release */ = {
			isa = XCBuildConfiguration;
			buildSettings = {
				ALWAYS_SEARCH_USER_PATHS = NO;
				CLANG_CXX_LANGUAGE_STANDARD = "gnu++0x";
				CLANG_CXX_LIBRARY = "libc++";
				CLANG_ENABLE_MODULES = YES;
				CLANG_ENABLE_OBJC_ARC = YES;
				CLANG_WARN_BOOL_CONVERSION = YES;
				CLANG_WARN_CONSTANT_CONVERSION = YES;
				CLANG_WARN_DIRECT_OBJC_ISA_USAGE = YES_ERROR;
				CLANG_WARN_EMPTY_BODY = YES;
				CLANG_WARN_ENUM_CONVERSION = YES;
				CLANG_WARN_INT_CONVERSION = YES;
				CLANG_WARN_OBJC_ROOT_CLASS = YES_ERROR;
				CLANG_WARN_UNREACHABLE_CODE = YES;
				CLANG_WARN__DUPLICATE_METHOD_MATCH = YES;
				"CODE_SIGN_IDENTITY[sdk=iphoneos*]" = "iPhone Developer";
				COPY_PHASE_STRIP = NO;
				DEBUG_INFORMATION_FORMAT = "dwarf-with-dsym";
				ENABLE_NS_ASSERTIONS = NO;
				ENABLE_STRICT_OBJC_MSGSEND = YES;
				GCC_C_LANGUAGE_STANDARD = gnu99;
				GCC_NO_COMMON_BLOCKS = YES;
				GCC_WARN_64_TO_32_BIT_CONVERSION = YES;
				GCC_WARN_ABOUT_RETURN_TYPE = YES_ERROR;
				GCC_WARN_UNDECLARED_SELECTOR = YES;
				GCC_WARN_UNINITIALIZED_AUTOS = YES_AGGRESSIVE;
				GCC_WARN_UNUSED_FUNCTION = YES;
				GCC_WARN_UNUSED_VARIABLE = YES;
				IPHONEOS_DEPLOYMENT_TARGET = 9.2;
				MTL_ENABLE_DEBUG_INFO = NO;
				SDKROOT = iphoneos;
				TARGETED_DEVICE_FAMILY = "1,2";
				VALIDATE_PRODUCT = YES;
			};
			name = Release;
		};
		156E66F71C7F6C88007704F1 /* Debug */ = {
			isa = XCBuildConfiguration;
			buildSettings = {
				ASSETCATALOG_COMPILER_APPICON_NAME = AppIcon;
				INFOPLIST_FILE = "Visual Format Language/Info.plist";
				LD_RUNPATH_SEARCH_PATHS = "$(inherited) @executable_path/Frameworks";
				PRODUCT_BUNDLE_IDENTIFIER = "self.edu.Visual-Format-Language";
				PRODUCT_NAME = "$(TARGET_NAME)";
			};
			name = Debug;
		};
		156E66F81C7F6C88007704F1 /* Release */ = {
			isa = XCBuildConfiguration;
			buildSettings = {
				ASSETCATALOG_COMPILER_APPICON_NAME = AppIcon;
				INFOPLIST_FILE = "Visual Format Language/Info.plist";
				LD_RUNPATH_SEARCH_PATHS = "$(inherited) @executable_path/Frameworks";
				PRODUCT_BUNDLE_IDENTIFIER = "self.edu.Visual-Format-Language";
				PRODUCT_NAME = "$(TARGET_NAME)";
			};
			name = Release;
		};
/* End XCBuildConfiguration section */

/* Begin XCConfigurationList section */
		156E66DF1C7F6C88007704F1 /* Build configuration list for PBXProject "Visual Format Language" */ = {
			isa = XCConfigurationList;
			buildConfigurations = (
				156E66F41C7F6C88007704F1 /* Debug */,
				156E66F51C7F6C88007704F1 /* Release */,
			);
			defaultConfigurationIsVisible = 0;
			defaultConfigurationName = Release;
		};
		156E66F61C7F6C88007704F1 /* Build configuration list for PBXNativeTarget "Visual Format Language" */ = {
			isa = XCConfigurationList;
			buildConfigurations = (
				156E66F71C7F6C88007704F1 /* Debug */,
				156E66F81C7F6C88007704F1 /* Release */,
			);
			defaultConfigurationIsVisible = 0;
		};
/* End XCConfigurationList section */
	};
	rootObject = 156E66DC1C7F6C88007704F1 /* Project object */;
}
